
Microsoft Visual Studio Solution File, Format Version 12.00
# Visual Studio 15
VisualStudioVersion = 15.0.26228.4
MinimumVisualStudioVersion = 10.0.40219.1
Project("{2150E333-8FDC-42A3-9474-1A3956D46DE8}") = "1 - Application", "1 - Application", "{7EAD1AA0-33C6-4FBC-A6B0-A91DEAB95CC4}"
EndProject
Project("{2150E333-8FDC-42A3-9474-1A3956D46DE8}") = "6 - BaseLayer", "6 - BaseLayer", "{120D6AAF-36A4-43B7-AC87-0AAAB06381D4}"
EndProject
Project("{2150E333-8FDC-42A3-9474-1A3956D46DE8}") = "5 - GeneralLayer", "5 - GeneralLayer", "{7933934A-89F0-4741-B8DA-874138ACB457}"
EndProject
Project("{2150E333-8FDC-42A3-9474-1A3956D46DE8}") = "3 - DoMain", "3 - DoMain", "{34883D35-8700-47B7-9627-1167662AAF1F}"
EndProject
Project("{2150E333-8FDC-42A3-9474-1A3956D46DE8}") = "4 - Module", "4 - Module", "{C078799E-7E36-4D82-BA24-03647D8335EC}"
EndProject
Project("{FAE04EC0-301F-11D3-BF4B-00C04F79EFBC}") = "HeBianGu.WCF.HostApp.WindowsService", "..\Source\Appliaction\HeBianGu.WCF.HostApp.WindowsService\HeBianGu.WCF.HostApp.WindowsService.csproj", "{C008D3EE-D7FC-47C3-B0B9-1F53E632E7E5}"
EndProject
Project("{FAE04EC0-301F-11D3-BF4B-00C04F79EFBC}") = "HeBianGu.BaseLayer.WCF.Interface", "..\Source\BaseLayer\HeBianGu.BaseLayer.WCF.Interface\HeBianGu.BaseLayer.WCF.Interface.csproj", "{8D4C7F90-5CBF-4960-8291-83641981A507}"
EndProject
Project("{FAE04EC0-301F-11D3-BF4B-00C04F79EFBC}") = "HeBianGu.Domain.WCF.DataManager", "..\Source\DomainLayer\HeBianGu.Domain.WCF.DataManager\HeBianGu.Domain.WCF.DataManager.csproj", "{91F36652-5388-4B40-A644-6667008B9F66}"
EndProject
Project("{2150E333-8FDC-42A3-9474-1A3956D46DE8}") = "7 - UnitTester", "7 - UnitTester", "{AA671083-3E22-431F-9534-6DB8366FDD2E}"
EndProject
Project("{FAE04EC0-301F-11D3-BF4B-00C04F79EFBC}") = "HeBianGu.WCF.HostApp.Console", "..\Source\Appliaction\HeBianGu.WCF.HostApp.Console\HeBianGu.WCF.HostApp.Console.csproj", "{C369A21D-49C1-453F-8EB5-B5EF77DF8E08}"
EndProject
Project("{FAE04EC0-301F-11D3-BF4B-00C04F79EFBC}") = "HeBianGu.GeneralLayer.WCF.Logger", "..\Source\GeneralLayer\HeBianGu.GeneralLayer.WCF.Logger\HeBianGu.GeneralLayer.WCF.Logger.csproj", "{59E19092-6064-4315-AC4C-1EE4A54DC732}"
EndProject
Project("{FAE04EC0-301F-11D3-BF4B-00C04F79EFBC}") = "HeBianGu.Domian.WCF.ServiceManager", "..\Source\DomainLayer\HeBianGu.Domian.WCF.ServiceManager\HeBianGu.Domian.WCF.ServiceManager.csproj", "{FDA189CA-3ACA-4473-B06A-41BF8AC50E48}"
EndProject
Project("{2150E333-8FDC-42A3-9474-1A3956D46DE8}") = "0 - ReadMe", "0 - ReadMe", "{391459E1-958A-43AC-8411-BB830D5D3541}"
	ProjectSection(SolutionItems) = preProject
		架构设计.dgml = 架构设计.dgml
	EndProjectSection
EndProject
Project("{FAE04EC0-301F-11D3-BF4B-00C04F79EFBC}") = "HeBianGu.BaseLayer.WCF.Model", "..\Source\BaseLayer\HeBianGu.BaseLayer.WCF.Model\HeBianGu.BaseLayer.WCF.Model.csproj", "{474E2893-720C-4543-AE2E-E2F8E43E3711}"
EndProject
Project("{2150E333-8FDC-42A3-9474-1A3956D46DE8}") = "2 - Service", "2 - Service", "{F0459558-E0A8-4E6C-B4AE-6C2E9C4ACB9E}"
EndProject
Project("{FAE04EC0-301F-11D3-BF4B-00C04F79EFBC}") = "HeBianGu.BaseLayer.WCF.Tool", "..\Source\BaseLayer\HeBianGu.BaseLayer.WCF.Tool\HeBianGu.BaseLayer.WCF.Tool.csproj", "{D1609338-4B2E-4C51-8DA6-40EB51D60380}"
EndProject
Project("{FAE04EC0-301F-11D3-BF4B-00C04F79EFBC}") = "HeBianGu.Service.WCF.WebService", "..\Source\Service\HeBianGu.Service.WCF.WebService\HeBianGu.Service.WCF.WebService.csproj", "{55D3BA33-F5B3-4E47-9861-A702B3E72717}"
EndProject
Project("{FAE04EC0-301F-11D3-BF4B-00C04F79EFBC}") = "HeBianGu.Module.WCF.DataBase.Oracle", "..\Source\Modules\HeBianGu.Module.WCF.DataBase.Oracle\HeBianGu.Module.WCF.DataBase.Oracle.csproj", "{9A2E168B-AF5A-44FC-AE7D-E5832C4BD299}"
EndProject
Project("{FAE04EC0-301F-11D3-BF4B-00C04F79EFBC}") = "HeBianGu.WCF.HostApp.Oracle.Console", "..\Source\Appliaction\HeBianGu.WCF.HostApp.Oracle.Console\HeBianGu.WCF.HostApp.Oracle.Console.csproj", "{5DEE0B05-EA4D-4593-AAB4-AFABC85B5C9F}"
EndProject
Project("{FAE04EC0-301F-11D3-BF4B-00C04F79EFBC}") = "HeBianGu.WCF.HostApp.Oracle.WindowService", "..\Source\Appliaction\HeBianGu.WCF.HostApp.Oracle.WindowService\HeBianGu.WCF.HostApp.Oracle.WindowService.csproj", "{5B463828-75F2-4ECE-BFFB-A7BE9E8B5FCC}"
EndProject
Project("{FAE04EC0-301F-11D3-BF4B-00C04F79EFBC}") = "HeBianGu.Module.WCF.DataBase.Sqlite", "..\Source\Modules\HeBianGu.Module.WCF.DataBase.Sqlite\HeBianGu.Module.WCF.DataBase.Sqlite.csproj", "{A0959628-7260-4549-AFCB-3459F6099555}"
EndProject
Project("{2150E333-8FDC-42A3-9474-1A3956D46DE8}") = "OracleHost", "OracleHost", "{81D8BCD0-A82C-40BE-9920-3009B12249FF}"
EndProject
Project("{2150E333-8FDC-42A3-9474-1A3956D46DE8}") = "SqliteHost", "SqliteHost", "{933DF722-7D72-4707-979F-1A8A4B512F04}"
EndProject
Project("{FAE04EC0-301F-11D3-BF4B-00C04F79EFBC}") = "HeBianGu.Test.WCF.OracleConsoleApp", "..\Source\UnitTester\HeBianGu.Test.WCF.OracleConsoleApp\HeBianGu.Test.WCF.OracleConsoleApp.csproj", "{AD0A2443-59B5-48BC-B5B3-08F1A3E39B81}"
EndProject
Project("{FAE04EC0-301F-11D3-BF4B-00C04F79EFBC}") = "HeBianGu.Test.WCF.ConsoleApp", "..\Source\UnitTester\HeBianGu.Test.WCF.ConsoleApp\HeBianGu.Test.WCF.ConsoleApp.csproj", "{A28F39C8-097F-48CF-85E6-C49A1F931E8A}"
EndProject
Project("{FAE04EC0-301F-11D3-BF4B-00C04F79EFBC}") = "HeBianGu.Test.WCF.UnitTestApp", "..\Source\UnitTester\HeBianGu.Test.WCF.UnitTestApp\HeBianGu.Test.WCF.UnitTestApp.csproj", "{20101D6B-688A-4837-BF08-9DC0CE97D588}"
EndProject
Project("{FAE04EC0-301F-11D3-BF4B-00C04F79EFBC}") = "HeBianGu.Test.WCF.DBConsoleApp", "..\Source\UnitTester\HeBianGu.Test.WCF.DBConsoleApp\HeBianGu.Test.WCF.DBConsoleApp.csproj", "{D979D716-EB6F-4FAB-8DCA-C1246AC8C7EE}"
EndProject
Global
	GlobalSection(SolutionConfigurationPlatforms) = preSolution
		Debug|Any CPU = Debug|Any CPU
		Release|Any CPU = Release|Any CPU
	EndGlobalSection
	GlobalSection(ProjectConfigurationPlatforms) = postSolution
		{C008D3EE-D7FC-47C3-B0B9-1F53E632E7E5}.Debug|Any CPU.ActiveCfg = Debug|Any CPU
		{C008D3EE-D7FC-47C3-B0B9-1F53E632E7E5}.Debug|Any CPU.Build.0 = Debug|Any CPU
		{C008D3EE-D7FC-47C3-B0B9-1F53E632E7E5}.Release|Any CPU.ActiveCfg = Release|Any CPU
		{C008D3EE-D7FC-47C3-B0B9-1F53E632E7E5}.Release|Any CPU.Build.0 = Release|Any CPU
		{8D4C7F90-5CBF-4960-8291-83641981A507}.Debug|Any CPU.ActiveCfg = Debug|Any CPU
		{8D4C7F90-5CBF-4960-8291-83641981A507}.Debug|Any CPU.Build.0 = Debug|Any CPU
		{8D4C7F90-5CBF-4960-8291-83641981A507}.Release|Any CPU.ActiveCfg = Release|Any CPU
		{8D4C7F90-5CBF-4960-8291-83641981A507}.Release|Any CPU.Build.0 = Release|Any CPU
		{91F36652-5388-4B40-A644-6667008B9F66}.Debug|Any CPU.ActiveCfg = Debug|Any CPU
		{91F36652-5388-4B40-A644-6667008B9F66}.Debug|Any CPU.Build.0 = Debug|Any CPU
		{91F36652-5388-4B40-A644-6667008B9F66}.Release|Any CPU.ActiveCfg = Release|Any CPU
		{91F36652-5388-4B40-A644-6667008B9F66}.Release|Any CPU.Build.0 = Release|Any CPU
		{C369A21D-49C1-453F-8EB5-B5EF77DF8E08}.Debug|Any CPU.ActiveCfg = Debug|Any CPU
		{C369A21D-49C1-453F-8EB5-B5EF77DF8E08}.Debug|Any CPU.Build.0 = Debug|Any CPU
		{C369A21D-49C1-453F-8EB5-B5EF77DF8E08}.Release|Any CPU.ActiveCfg = Release|Any CPU
		{C369A21D-49C1-453F-8EB5-B5EF77DF8E08}.Release|Any CPU.Build.0 = Release|Any CPU
		{59E19092-6064-4315-AC4C-1EE4A54DC732}.Debug|Any CPU.ActiveCfg = Debug|Any CPU
		{59E19092-6064-4315-AC4C-1EE4A54DC732}.Debug|Any CPU.Build.0 = Debug|Any CPU
		{59E19092-6064-4315-AC4C-1EE4A54DC732}.Release|Any CPU.ActiveCfg = Release|Any CPU
		{59E19092-6064-4315-AC4C-1EE4A54DC732}.Release|Any CPU.Build.0 = Release|Any CPU
		{FDA189CA-3ACA-4473-B06A-41BF8AC50E48}.Debug|Any CPU.ActiveCfg = Debug|Any CPU
		{FDA189CA-3ACA-4473-B06A-41BF8AC50E48}.Debug|Any CPU.Build.0 = Debug|Any CPU
		{FDA189CA-3ACA-4473-B06A-41BF8AC50E48}.Release|Any CPU.ActiveCfg = Release|Any CPU
		{FDA189CA-3ACA-4473-B06A-41BF8AC50E48}.Release|Any CPU.Build.0 = Release|Any CPU
		{474E2893-720C-4543-AE2E-E2F8E43E3711}.Debug|Any CPU.ActiveCfg = Debug|Any CPU
		{474E2893-720C-4543-AE2E-E2F8E43E3711}.Debug|Any CPU.Build.0 = Debug|Any CPU
		{474E2893-720C-4543-AE2E-E2F8E43E3711}.Release|Any CPU.ActiveCfg = Release|Any CPU
		{474E2893-720C-4543-AE2E-E2F8E43E3711}.Release|Any CPU.Build.0 = Release|Any CPU
		{D1609338-4B2E-4C51-8DA6-40EB51D60380}.Debug|Any CPU.ActiveCfg = Debug|Any CPU
		{D1609338-4B2E-4C51-8DA6-40EB51D60380}.Debug|Any CPU.Build.0 = Debug|Any CPU
		{D1609338-4B2E-4C51-8DA6-40EB51D60380}.Release|Any CPU.ActiveCfg = Release|Any CPU
		{D1609338-4B2E-4C51-8DA6-40EB51D60380}.Release|Any CPU.Build.0 = Release|Any CPU
		{55D3BA33-F5B3-4E47-9861-A702B3E72717}.Debug|Any CPU.ActiveCfg = Debug|Any CPU
		{55D3BA33-F5B3-4E47-9861-A702B3E72717}.Debug|Any CPU.Build.0 = Debug|Any CPU
		{55D3BA33-F5B3-4E47-9861-A702B3E72717}.Release|Any CPU.ActiveCfg = Release|Any CPU
		{55D3BA33-F5B3-4E47-9861-A702B3E72717}.Release|Any CPU.Build.0 = Release|Any CPU
		{9A2E168B-AF5A-44FC-AE7D-E5832C4BD299}.Debug|Any CPU.ActiveCfg = Debug|Any CPU
		{9A2E168B-AF5A-44FC-AE7D-E5832C4BD299}.Debug|Any CPU.Build.0 = Debug|Any CPU
		{9A2E168B-AF5A-44FC-AE7D-E5832C4BD299}.Release|Any CPU.ActiveCfg = Release|Any CPU
		{9A2E168B-AF5A-44FC-AE7D-E5832C4BD299}.Release|Any CPU.Build.0 = Release|Any CPU
		{5DEE0B05-EA4D-4593-AAB4-AFABC85B5C9F}.Debug|Any CPU.ActiveCfg = Debug|Any CPU
		{5DEE0B05-EA4D-4593-AAB4-AFABC85B5C9F}.Debug|Any CPU.Build.0 = Debug|Any CPU
		{5DEE0B05-EA4D-4593-AAB4-AFABC85B5C9F}.Release|Any CPU.ActiveCfg = Release|Any CPU
		{5DEE0B05-EA4D-4593-AAB4-AFABC85B5C9F}.Release|Any CPU.Build.0 = Release|Any CPU
		{5B463828-75F2-4ECE-BFFB-A7BE9E8B5FCC}.Debug|Any CPU.ActiveCfg = Debug|Any CPU
		{5B463828-75F2-4ECE-BFFB-A7BE9E8B5FCC}.Debug|Any CPU.Build.0 = Debug|Any CPU
		{5B463828-75F2-4ECE-BFFB-A7BE9E8B5FCC}.Release|Any CPU.ActiveCfg = Release|Any CPU
		{5B463828-75F2-4ECE-BFFB-A7BE9E8B5FCC}.Release|Any CPU.Build.0 = Release|Any CPU
		{A0959628-7260-4549-AFCB-3459F6099555}.Debug|Any CPU.ActiveCfg = Debug|Any CPU
		{A0959628-7260-4549-AFCB-3459F6099555}.Debug|Any CPU.Build.0 = Debug|Any CPU
		{A0959628-7260-4549-AFCB-3459F6099555}.Release|Any CPU.ActiveCfg = Release|Any CPU
		{A0959628-7260-4549-AFCB-3459F6099555}.Release|Any CPU.Build.0 = Release|Any CPU
		{AD0A2443-59B5-48BC-B5B3-08F1A3E39B81}.Debug|Any CPU.ActiveCfg = Debug|Any CPU
		{AD0A2443-59B5-48BC-B5B3-08F1A3E39B81}.Debug|Any CPU.Build.0 = Debug|Any CPU
		{AD0A2443-59B5-48BC-B5B3-08F1A3E39B81}.Release|Any CPU.ActiveCfg = Release|Any CPU
		{AD0A2443-59B5-48BC-B5B3-08F1A3E39B81}.Release|Any CPU.Build.0 = Release|Any CPU
		{A28F39C8-097F-48CF-85E6-C49A1F931E8A}.Debug|Any CPU.ActiveCfg = Debug|Any CPU
		{A28F39C8-097F-48CF-85E6-C49A1F931E8A}.Debug|Any CPU.Build.0 = Debug|Any CPU
		{A28F39C8-097F-48CF-85E6-C49A1F931E8A}.Release|Any CPU.ActiveCfg = Release|Any CPU
		{A28F39C8-097F-48CF-85E6-C49A1F931E8A}.Release|Any CPU.Build.0 = Release|Any CPU
		{20101D6B-688A-4837-BF08-9DC0CE97D588}.Debug|Any CPU.ActiveCfg = Debug|Any CPU
		{20101D6B-688A-4837-BF08-9DC0CE97D588}.Debug|Any CPU.Build.0 = Debug|Any CPU
		{20101D6B-688A-4837-BF08-9DC0CE97D588}.Release|Any CPU.ActiveCfg = Release|Any CPU
		{20101D6B-688A-4837-BF08-9DC0CE97D588}.Release|Any CPU.Build.0 = Release|Any CPU
		{D979D716-EB6F-4FAB-8DCA-C1246AC8C7EE}.Debug|Any CPU.ActiveCfg = Debug|Any CPU
		{D979D716-EB6F-4FAB-8DCA-C1246AC8C7EE}.Debug|Any CPU.Build.0 = Debug|Any CPU
		{D979D716-EB6F-4FAB-8DCA-C1246AC8C7EE}.Release|Any CPU.ActiveCfg = Release|Any CPU
		{D979D716-EB6F-4FAB-8DCA-C1246AC8C7EE}.Release|Any CPU.Build.0 = Release|Any CPU
	EndGlobalSection
	GlobalSection(SolutionProperties) = preSolution
		HideSolutionNode = FALSE
	EndGlobalSection
	GlobalSection(NestedProjects) = preSolution
		{C008D3EE-D7FC-47C3-B0B9-1F53E632E7E5} = {933DF722-7D72-4707-979F-1A8A4B512F04}
		{8D4C7F90-5CBF-4960-8291-83641981A507} = {120D6AAF-36A4-43B7-AC87-0AAAB06381D4}
		{91F36652-5388-4B40-A644-6667008B9F66} = {34883D35-8700-47B7-9627-1167662AAF1F}
		{C369A21D-49C1-453F-8EB5-B5EF77DF8E08} = {933DF722-7D72-4707-979F-1A8A4B512F04}
		{59E19092-6064-4315-AC4C-1EE4A54DC732} = {7933934A-89F0-4741-B8DA-874138ACB457}
		{FDA189CA-3ACA-4473-B06A-41BF8AC50E48} = {34883D35-8700-47B7-9627-1167662AAF1F}
		{474E2893-720C-4543-AE2E-E2F8E43E3711} = {120D6AAF-36A4-43B7-AC87-0AAAB06381D4}
		{D1609338-4B2E-4C51-8DA6-40EB51D60380} = {120D6AAF-36A4-43B7-AC87-0AAAB06381D4}
		{55D3BA33-F5B3-4E47-9861-A702B3E72717} = {F0459558-E0A8-4E6C-B4AE-6C2E9C4ACB9E}
		{9A2E168B-AF5A-44FC-AE7D-E5832C4BD299} = {C078799E-7E36-4D82-BA24-03647D8335EC}
		{5DEE0B05-EA4D-4593-AAB4-AFABC85B5C9F} = {81D8BCD0-A82C-40BE-9920-3009B12249FF}
		{5B463828-75F2-4ECE-BFFB-A7BE9E8B5FCC} = {81D8BCD0-A82C-40BE-9920-3009B12249FF}
		{A0959628-7260-4549-AFCB-3459F6099555} = {C078799E-7E36-4D82-BA24-03647D8335EC}
		{81D8BCD0-A82C-40BE-9920-3009B12249FF} = {7EAD1AA0-33C6-4FBC-A6B0-A91DEAB95CC4}
		{933DF722-7D72-4707-979F-1A8A4B512F04} = {7EAD1AA0-33C6-4FBC-A6B0-A91DEAB95CC4}
		{AD0A2443-59B5-48BC-B5B3-08F1A3E39B81} = {AA671083-3E22-431F-9534-6DB8366FDD2E}
		{A28F39C8-097F-48CF-85E6-C49A1F931E8A} = {AA671083-3E22-431F-9534-6DB8366FDD2E}
		{20101D6B-688A-4837-BF08-9DC0CE97D588} = {AA671083-3E22-431F-9534-6DB8366FDD2E}
		{D979D716-EB6F-4FAB-8DCA-C1246AC8C7EE} = {AA671083-3E22-431F-9534-6DB8366FDD2E}
	EndGlobalSection
EndGlobal
